
Microsoft Visual Studio Solution File, Format Version 12.00
# Visual Studio 15
VisualStudioVersion = 15.0.27703.2026
MinimumVisualStudioVersion = 10.0.40219.1
Project("{FAE04EC0-301F-11D3-BF4B-00C04F79EFBC}") = "AirTrafficGruppe5", "AirTrafficGruppe5\AirTrafficGruppe5.csproj", "{50E2F7B7-D372-4523-B258-0EE0B4D560F0}"
EndProject
Global
	GlobalSection(SolutionConfigurationPlatforms) = preSolution
		Debug|Any CPU = Debug|Any CPU
		Release|Any CPU = Release|Any CPU
	EndGlobalSection
	GlobalSection(ProjectConfigurationPlatforms) = postSolution
		{50E2F7B7-D372-4523-B258-0EE0B4D560F0}.Debug|Any CPU.ActiveCfg = Debug|Any CPU
		{50E2F7B7-D372-4523-B258-0EE0B4D560F0}.Debug|Any CPU.Build.0 = Debug|Any CPU
		{50E2F7B7-D372-4523-B258-0EE0B4D560F0}.Release|Any CPU.ActiveCfg = Release|Any CPU
		{50E2F7B7-D372-4523-B258-0EE0B4D560F0}.Release|Any CPU.Build.0 = Release|Any CPU
	EndGlobalSection
	GlobalSection(SolutionProperties) = preSolution
		HideSolutionNode = FALSE
	EndGlobalSection
	GlobalSection(ExtensibilityGlobals) = postSolution
		SolutionGuid = {586FF1F0-B57E-4141-8433-2510307F8BFE}
	EndGlobalSection
EndGlobal
